
Microsoft Visual Studio Solution File, Format Version 12.00
# Visual Studio Version 17
VisualStudioVersion = 17.0.32112.339
MinimumVisualStudioVersion = 10.0.40219.1
Project("{FAE04EC0-301F-11D3-BF4B-00C04F79EFBC}") = "TriangleLibrary", "TriangleLibrary\TriangleLibrary.csproj", "{E0379843-AE69-4BDE-B83B-FCD7B5FE79D5}"
EndProject
Project("{FAE04EC0-301F-11D3-BF4B-00C04F79EFBC}") = "TriangleLibraryTests", "TriangleLibraryTests\TriangleLibraryTests.csproj", "{A4884C70-7350-4270-84A3-F478F34CB76D}"
EndProject
Project("{FAE04EC0-301F-11D3-BF4B-00C04F79EFBC}") = "TriangleApp", "TriangleApp\TriangleApp.csproj", "{93734C3A-75B6-4AE4-A675-7075FB425F3C}"
EndProject
Global
	GlobalSection(SolutionConfigurationPlatforms) = preSolution
		Debug|Any CPU = Debug|Any CPU
		Release|Any CPU = Release|Any CPU
	EndGlobalSection
	GlobalSection(ProjectConfigurationPlatforms) = postSolution
		{E0379843-AE69-4BDE-B83B-FCD7B5FE79D5}.Debug|Any CPU.ActiveCfg = Debug|Any CPU
		{E0379843-AE69-4BDE-B83B-FCD7B5FE79D5}.Debug|Any CPU.Build.0 = Debug|Any CPU
		{E0379843-AE69-4BDE-B83B-FCD7B5FE79D5}.Release|Any CPU.ActiveCfg = Release|Any CPU
		{E0379843-AE69-4BDE-B83B-FCD7B5FE79D5}.Release|Any CPU.Build.0 = Release|Any CPU
		{A4884C70-7350-4270-84A3-F478F34CB76D}.Debug|Any CPU.ActiveCfg = Debug|Any CPU
		{A4884C70-7350-4270-84A3-F478F34CB76D}.Debug|Any CPU.Build.0 = Debug|Any CPU
		{A4884C70-7350-4270-84A3-F478F34CB76D}.Release|Any CPU.ActiveCfg = Release|Any CPU
		{A4884C70-7350-4270-84A3-F478F34CB76D}.Release|Any CPU.Build.0 = Release|Any CPU
		{93734C3A-75B6-4AE4-A675-7075FB425F3C}.Debug|Any CPU.ActiveCfg = Debug|Any CPU
		{93734C3A-75B6-4AE4-A675-7075FB425F3C}.Debug|Any CPU.Build.0 = Debug|Any CPU
		{93734C3A-75B6-4AE4-A675-7075FB425F3C}.Release|Any CPU.ActiveCfg = Release|Any CPU
		{93734C3A-75B6-4AE4-A675-7075FB425F3C}.Release|Any CPU.Build.0 = Release|Any CPU
	EndGlobalSection
	GlobalSection(SolutionProperties) = preSolution
		HideSolutionNode = FALSE
	EndGlobalSection
	GlobalSection(ExtensibilityGlobals) = postSolution
		SolutionGuid = {6C28DFC6-52DA-41C8-8673-77F47388054E}
	EndGlobalSection
EndGlobal
